
Microsoft Visual Studio Solution File, Format Version 12.00
# Visual Studio 15
VisualStudioVersion = 15.0.28307.136
MinimumVisualStudioVersion = 10.0.40219.1
Project("{FAE04EC0-301F-11D3-BF4B-00C04F79EFBC}") = "Phonebook.Droid", "Phonebook\Phonebook.Droid\Phonebook.Droid.csproj", "{0FFE9CC4-0E8F-4DC2-8361-7C6518E345EC}"
EndProject
Project("{FAE04EC0-301F-11D3-BF4B-00C04F79EFBC}") = "Phonebook.Core", "Phonebook\Phonebook.Core\Phonebook.Core.csproj", "{FF1970A3-D510-443E-880F-C7A558ACF819}"
EndProject
Project("{FAE04EC0-301F-11D3-BF4B-00C04F79EFBC}") = "Phonebook.iOS", "Phonebook\Phonebook.iOS\Phonebook.iOS.csproj", "{1951433D-04EC-4F2A-B10F-8FDA5E0897C0}"
EndProject
Project("{FAE04EC0-301F-11D3-BF4B-00C04F79EFBC}") = "Phonebook.API", "Phonebook.API\Phonebook.API.csproj", "{8E6D2469-86B0-48BE-9D37-382A7D95C6DF}"
EndProject
Global
	GlobalSection(SolutionConfigurationPlatforms) = preSolution
		Ad-Hoc|Any CPU = Ad-Hoc|Any CPU
		Ad-Hoc|ARM = Ad-Hoc|ARM
		Ad-Hoc|iPhone = Ad-Hoc|iPhone
		Ad-Hoc|iPhoneSimulator = Ad-Hoc|iPhoneSimulator
		Ad-Hoc|x64 = Ad-Hoc|x64
		Ad-Hoc|x86 = Ad-Hoc|x86
		AppStore|Any CPU = AppStore|Any CPU
		AppStore|ARM = AppStore|ARM
		AppStore|iPhone = AppStore|iPhone
		AppStore|iPhoneSimulator = AppStore|iPhoneSimulator
		AppStore|x64 = AppStore|x64
		AppStore|x86 = AppStore|x86
		Debug|Any CPU = Debug|Any CPU
		Debug|ARM = Debug|ARM
		Debug|iPhone = Debug|iPhone
		Debug|iPhoneSimulator = Debug|iPhoneSimulator
		Debug|x64 = Debug|x64
		Debug|x86 = Debug|x86
		Release|Any CPU = Release|Any CPU
		Release|ARM = Release|ARM
		Release|iPhone = Release|iPhone
		Release|iPhoneSimulator = Release|iPhoneSimulator
		Release|x64 = Release|x64
		Release|x86 = Release|x86
	EndGlobalSection
	GlobalSection(ProjectConfigurationPlatforms) = postSolution
		{0FFE9CC4-0E8F-4DC2-8361-7C6518E345EC}.Ad-Hoc|Any CPU.ActiveCfg = Release|Any CPU
		{0FFE9CC4-0E8F-4DC2-8361-7C6518E345EC}.Ad-Hoc|Any CPU.Build.0 = Release|Any CPU
		{0FFE9CC4-0E8F-4DC2-8361-7C6518E345EC}.Ad-Hoc|Any CPU.Deploy.0 = Release|Any CPU
		{0FFE9CC4-0E8F-4DC2-8361-7C6518E345EC}.Ad-Hoc|ARM.ActiveCfg = Release|Any CPU
		{0FFE9CC4-0E8F-4DC2-8361-7C6518E345EC}.Ad-Hoc|ARM.Build.0 = Release|Any CPU
		{0FFE9CC4-0E8F-4DC2-8361-7C6518E345EC}.Ad-Hoc|ARM.Deploy.0 = Release|Any CPU
		{0FFE9CC4-0E8F-4DC2-8361-7C6518E345EC}.Ad-Hoc|iPhone.ActiveCfg = Release|Any CPU
		{0FFE9CC4-0E8F-4DC2-8361-7C6518E345EC}.Ad-Hoc|iPhone.Build.0 = Release|Any CPU
		{0FFE9CC4-0E8F-4DC2-8361-7C6518E345EC}.Ad-Hoc|iPhone.Deploy.0 = Release|Any CPU
		{0FFE9CC4-0E8F-4DC2-8361-7C6518E345EC}.Ad-Hoc|iPhoneSimulator.ActiveCfg = Release|Any CPU
		{0FFE9CC4-0E8F-4DC2-8361-7C6518E345EC}.Ad-Hoc|iPhoneSimulator.Build.0 = Release|Any CPU
		{0FFE9CC4-0E8F-4DC2-8361-7C6518E345EC}.Ad-Hoc|iPhoneSimulator.Deploy.0 = Release|Any CPU
		{0FFE9CC4-0E8F-4DC2-8361-7C6518E345EC}.Ad-Hoc|x64.ActiveCfg = Release|Any CPU
		{0FFE9CC4-0E8F-4DC2-8361-7C6518E345EC}.Ad-Hoc|x64.Build.0 = Release|Any CPU
		{0FFE9CC4-0E8F-4DC2-8361-7C6518E345EC}.Ad-Hoc|x64.Deploy.0 = Release|Any CPU
		{0FFE9CC4-0E8F-4DC2-8361-7C6518E345EC}.Ad-Hoc|x86.ActiveCfg = Release|Any CPU
		{0FFE9CC4-0E8F-4DC2-8361-7C6518E345EC}.Ad-Hoc|x86.Build.0 = Release|Any CPU
		{0FFE9CC4-0E8F-4DC2-8361-7C6518E345EC}.Ad-Hoc|x86.Deploy.0 = Release|Any CPU
		{0FFE9CC4-0E8F-4DC2-8361-7C6518E345EC}.AppStore|Any CPU.ActiveCfg = Release|Any CPU
		{0FFE9CC4-0E8F-4DC2-8361-7C6518E345EC}.AppStore|Any CPU.Build.0 = Release|Any CPU
		{0FFE9CC4-0E8F-4DC2-8361-7C6518E345EC}.AppStore|Any CPU.Deploy.0 = Release|Any CPU
		{0FFE9CC4-0E8F-4DC2-8361-7C6518E345EC}.AppStore|ARM.ActiveCfg = Release|Any CPU
		{0FFE9CC4-0E8F-4DC2-8361-7C6518E345EC}.AppStore|ARM.Build.0 = Release|Any CPU
		{0FFE9CC4-0E8F-4DC2-8361-7C6518E345EC}.AppStore|ARM.Deploy.0 = Release|Any CPU
		{0FFE9CC4-0E8F-4DC2-8361-7C6518E345EC}.AppStore|iPhone.ActiveCfg = Release|Any CPU
		{0FFE9CC4-0E8F-4DC2-8361-7C6518E345EC}.AppStore|iPhone.Build.0 = Release|Any CPU
		{0FFE9CC4-0E8F-4DC2-8361-7C6518E345EC}.AppStore|iPhone.Deploy.0 = Release|Any CPU
		{0FFE9CC4-0E8F-4DC2-8361-7C6518E345EC}.AppStore|iPhoneSimulator.ActiveCfg = Release|Any CPU
		{0FFE9CC4-0E8F-4DC2-8361-7C6518E345EC}.AppStore|iPhoneSimulator.Build.0 = Release|Any CPU
		{0FFE9CC4-0E8F-4DC2-8361-7C6518E345EC}.AppStore|iPhoneSimulator.Deploy.0 = Release|Any CPU
		{0FFE9CC4-0E8F-4DC2-8361-7C6518E345EC}.AppStore|x64.ActiveCfg = Release|Any CPU
		{0FFE9CC4-0E8F-4DC2-8361-7C6518E345EC}.AppStore|x64.Build.0 = Release|Any CPU
		{0FFE9CC4-0E8F-4DC2-8361-7C6518E345EC}.AppStore|x64.Deploy.0 = Release|Any CPU
		{0FFE9CC4-0E8F-4DC2-8361-7C6518E345EC}.AppStore|x86.ActiveCfg = Release|Any CPU
		{0FFE9CC4-0E8F-4DC2-8361-7C6518E345EC}.AppStore|x86.Build.0 = Release|Any CPU
		{0FFE9CC4-0E8F-4DC2-8361-7C6518E345EC}.AppStore|x86.Deploy.0 = Release|Any CPU
		{0FFE9CC4-0E8F-4DC2-8361-7C6518E345EC}.Debug|Any CPU.ActiveCfg = Debug|Any CPU
		{0FFE9CC4-0E8F-4DC2-8361-7C6518E345EC}.Debug|Any CPU.Build.0 = Debug|Any CPU
		{0FFE9CC4-0E8F-4DC2-8361-7C6518E345EC}.Debug|Any CPU.Deploy.0 = Debug|Any CPU
		{0FFE9CC4-0E8F-4DC2-8361-7C6518E345EC}.Debug|ARM.ActiveCfg = Debug|Any CPU
		{0FFE9CC4-0E8F-4DC2-8361-7C6518E345EC}.Debug|ARM.Build.0 = Debug|Any CPU
		{0FFE9CC4-0E8F-4DC2-8361-7C6518E345EC}.Debug|ARM.Deploy.0 = Debug|Any CPU
		{0FFE9CC4-0E8F-4DC2-8361-7C6518E345EC}.Debug|iPhone.ActiveCfg = Debug|Any CPU
		{0FFE9CC4-0E8F-4DC2-8361-7C6518E345EC}.Debug|iPhone.Build.0 = Debug|Any CPU
		{0FFE9CC4-0E8F-4DC2-8361-7C6518E345EC}.Debug|iPhone.Deploy.0 = Debug|Any CPU
		{0FFE9CC4-0E8F-4DC2-8361-7C6518E345EC}.Debug|iPhoneSimulator.ActiveCfg = Debug|Any CPU
		{0FFE9CC4-0E8F-4DC2-8361-7C6518E345EC}.Debug|iPhoneSimulator.Build.0 = Debug|Any CPU
		{0FFE9CC4-0E8F-4DC2-8361-7C6518E345EC}.Debug|iPhoneSimulator.Deploy.0 = Debug|Any CPU
		{0FFE9CC4-0E8F-4DC2-8361-7C6518E345EC}.Debug|x64.ActiveCfg = Debug|Any CPU
		{0FFE9CC4-0E8F-4DC2-8361-7C6518E345EC}.Debug|x64.Build.0 = Debug|Any CPU
		{0FFE9CC4-0E8F-4DC2-8361-7C6518E345EC}.Debug|x64.Deploy.0 = Debug|Any CPU
		{0FFE9CC4-0E8F-4DC2-8361-7C6518E345EC}.Debug|x86.ActiveCfg = Debug|Any CPU
		{0FFE9CC4-0E8F-4DC2-8361-7C6518E345EC}.Debug|x86.Build.0 = Debug|Any CPU
		{0FFE9CC4-0E8F-4DC2-8361-7C6518E345EC}.Debug|x86.Deploy.0 = Debug|Any CPU
		{0FFE9CC4-0E8F-4DC2-8361-7C6518E345EC}.Release|Any CPU.ActiveCfg = Release|Any CPU
		{0FFE9CC4-0E8F-4DC2-8361-7C6518E345EC}.Release|Any CPU.Build.0 = Release|Any CPU
		{0FFE9CC4-0E8F-4DC2-8361-7C6518E345EC}.Release|Any CPU.Deploy.0 = Release|Any CPU
		{0FFE9CC4-0E8F-4DC2-8361-7C6518E345EC}.Release|ARM.ActiveCfg = Release|Any CPU
		{0FFE9CC4-0E8F-4DC2-8361-7C6518E345EC}.Release|ARM.Build.0 = Release|Any CPU
		{0FFE9CC4-0E8F-4DC2-8361-7C6518E345EC}.Release|ARM.Deploy.0 = Release|Any CPU
		{0FFE9CC4-0E8F-4DC2-8361-7C6518E345EC}.Release|iPhone.ActiveCfg = Release|Any CPU
		{0FFE9CC4-0E8F-4DC2-8361-7C6518E345EC}.Release|iPhone.Build.0 = Release|Any CPU
		{0FFE9CC4-0E8F-4DC2-8361-7C6518E345EC}.Release|iPhone.Deploy.0 = Release|Any CPU
		{0FFE9CC4-0E8F-4DC2-8361-7C6518E345EC}.Release|iPhoneSimulator.ActiveCfg = Release|Any CPU
		{0FFE9CC4-0E8F-4DC2-8361-7C6518E345EC}.Release|iPhoneSimulator.Build.0 = Release|Any CPU
		{0FFE9CC4-0E8F-4DC2-8361-7C6518E345EC}.Release|iPhoneSimulator.Deploy.0 = Release|Any CPU
		{0FFE9CC4-0E8F-4DC2-8361-7C6518E345EC}.Release|x64.ActiveCfg = Release|Any CPU
		{0FFE9CC4-0E8F-4DC2-8361-7C6518E345EC}.Release|x64.Build.0 = Release|Any CPU
		{0FFE9CC4-0E8F-4DC2-8361-7C6518E345EC}.Release|x64.Deploy.0 = Release|Any CPU
		{0FFE9CC4-0E8F-4DC2-8361-7C6518E345EC}.Release|x86.ActiveCfg = Release|Any CPU
		{0FFE9CC4-0E8F-4DC2-8361-7C6518E345EC}.Release|x86.Build.0 = Release|Any CPU
		{0FFE9CC4-0E8F-4DC2-8361-7C6518E345EC}.Release|x86.Deploy.0 = Release|Any CPU
		{FF1970A3-D510-443E-880F-C7A558ACF819}.Ad-Hoc|Any CPU.ActiveCfg = Release|Any CPU
		{FF1970A3-D510-443E-880F-C7A558ACF819}.Ad-Hoc|Any CPU.Build.0 = Release|Any CPU
		{FF1970A3-D510-443E-880F-C7A558ACF819}.Ad-Hoc|ARM.ActiveCfg = Release|Any CPU
		{FF1970A3-D510-443E-880F-C7A558ACF819}.Ad-Hoc|ARM.Build.0 = Release|Any CPU
		{FF1970A3-D510-443E-880F-C7A558ACF819}.Ad-Hoc|iPhone.ActiveCfg = Release|Any CPU
		{FF1970A3-D510-443E-880F-C7A558ACF819}.Ad-Hoc|iPhone.Build.0 = Release|Any CPU
		{FF1970A3-D510-443E-880F-C7A558ACF819}.Ad-Hoc|iPhoneSimulator.ActiveCfg = Release|Any CPU
		{FF1970A3-D510-443E-880F-C7A558ACF819}.Ad-Hoc|iPhoneSimulator.Build.0 = Release|Any CPU
		{FF1970A3-D510-443E-880F-C7A558ACF819}.Ad-Hoc|x64.ActiveCfg = Release|Any CPU
		{FF1970A3-D510-443E-880F-C7A558ACF819}.Ad-Hoc|x64.Build.0 = Release|Any CPU
		{FF1970A3-D510-443E-880F-C7A558ACF819}.Ad-Hoc|x86.ActiveCfg = Release|Any CPU
		{FF1970A3-D510-443E-880F-C7A558ACF819}.Ad-Hoc|x86.Build.0 = Release|Any CPU
		{FF1970A3-D510-443E-880F-C7A558ACF819}.AppStore|Any CPU.ActiveCfg = Release|Any CPU
		{FF1970A3-D510-443E-880F-C7A558ACF819}.AppStore|Any CPU.Build.0 = Release|Any CPU
		{FF1970A3-D510-443E-880F-C7A558ACF819}.AppStore|ARM.ActiveCfg = Release|Any CPU
		{FF1970A3-D510-443E-880F-C7A558ACF819}.AppStore|ARM.Build.0 = Release|Any CPU
		{FF1970A3-D510-443E-880F-C7A558ACF819}.AppStore|iPhone.ActiveCfg = Release|Any CPU
		{FF1970A3-D510-443E-880F-C7A558ACF819}.AppStore|iPhone.Build.0 = Release|Any CPU
		{FF1970A3-D510-443E-880F-C7A558ACF819}.AppStore|iPhoneSimulator.ActiveCfg = Release|Any CPU
		{FF1970A3-D510-443E-880F-C7A558ACF819}.AppStore|iPhoneSimulator.Build.0 = Release|Any CPU
		{FF1970A3-D510-443E-880F-C7A558ACF819}.AppStore|x64.ActiveCfg = Release|Any CPU
		{FF1970A3-D510-443E-880F-C7A558ACF819}.AppStore|x64.Build.0 = Release|Any CPU
		{FF1970A3-D510-443E-880F-C7A558ACF819}.AppStore|x86.ActiveCfg = Release|Any CPU
		{FF1970A3-D510-443E-880F-C7A558ACF819}.AppStore|x86.Build.0 = Release|Any CPU
		{FF1970A3-D510-443E-880F-C7A558ACF819}.Debug|Any CPU.ActiveCfg = Debug|Any CPU
		{FF1970A3-D510-443E-880F-C7A558ACF819}.Debug|Any CPU.Build.0 = Debug|Any CPU
		{FF1970A3-D510-443E-880F-C7A558ACF819}.Debug|ARM.ActiveCfg = Debug|Any CPU
		{FF1970A3-D510-443E-880F-C7A558ACF819}.Debug|ARM.Build.0 = Debug|Any CPU
		{FF1970A3-D510-443E-880F-C7A558ACF819}.Debug|iPhone.ActiveCfg = Debug|Any CPU
		{FF1970A3-D510-443E-880F-C7A558ACF819}.Debug|iPhone.Build.0 = Debug|Any CPU
		{FF1970A3-D510-443E-880F-C7A558ACF819}.Debug|iPhoneSimulator.ActiveCfg = Debug|Any CPU
		{FF1970A3-D510-443E-880F-C7A558ACF819}.Debug|iPhoneSimulator.Build.0 = Debug|Any CPU
		{FF1970A3-D510-443E-880F-C7A558ACF819}.Debug|x64.ActiveCfg = Debug|Any CPU
		{FF1970A3-D510-443E-880F-C7A558ACF819}.Debug|x64.Build.0 = Debug|Any CPU
		{FF1970A3-D510-443E-880F-C7A558ACF819}.Debug|x86.ActiveCfg = Debug|Any CPU
		{FF1970A3-D510-443E-880F-C7A558ACF819}.Debug|x86.Build.0 = Debug|Any CPU
		{FF1970A3-D510-443E-880F-C7A558ACF819}.Release|Any CPU.ActiveCfg = Release|Any CPU
		{FF1970A3-D510-443E-880F-C7A558ACF819}.Release|Any CPU.Build.0 = Release|Any CPU
		{FF1970A3-D510-443E-880F-C7A558ACF819}.Release|ARM.ActiveCfg = Release|Any CPU
		{FF1970A3-D510-443E-880F-C7A558ACF819}.Release|ARM.Build.0 = Release|Any CPU
		{FF1970A3-D510-443E-880F-C7A558ACF819}.Release|iPhone.ActiveCfg = Release|Any CPU
		{FF1970A3-D510-443E-880F-C7A558ACF819}.Release|iPhone.Build.0 = Release|Any CPU
		{FF1970A3-D510-443E-880F-C7A558ACF819}.Release|iPhoneSimulator.ActiveCfg = Release|Any CPU
		{FF1970A3-D510-443E-880F-C7A558ACF819}.Release|iPhoneSimulator.Build.0 = Release|Any CPU
		{FF1970A3-D510-443E-880F-C7A558ACF819}.Release|x64.ActiveCfg = Release|Any CPU
		{FF1970A3-D510-443E-880F-C7A558ACF819}.Release|x64.Build.0 = Release|Any CPU
		{FF1970A3-D510-443E-880F-C7A558ACF819}.Release|x86.ActiveCfg = Release|Any CPU
		{FF1970A3-D510-443E-880F-C7A558ACF819}.Release|x86.Build.0 = Release|Any CPU
		{1951433D-04EC-4F2A-B10F-8FDA5E0897C0}.Ad-Hoc|Any CPU.ActiveCfg = Ad-Hoc|iPhone
		{1951433D-04EC-4F2A-B10F-8FDA5E0897C0}.Ad-Hoc|ARM.ActiveCfg = Ad-Hoc|iPhone
		{1951433D-04EC-4F2A-B10F-8FDA5E0897C0}.Ad-Hoc|iPhone.ActiveCfg = Ad-Hoc|iPhone
		{1951433D-04EC-4F2A-B10F-8FDA5E0897C0}.Ad-Hoc|iPhone.Build.0 = Ad-Hoc|iPhone
		{1951433D-04EC-4F2A-B10F-8FDA5E0897C0}.Ad-Hoc|iPhoneSimulator.ActiveCfg = Ad-Hoc|iPhoneSimulator
		{1951433D-04EC-4F2A-B10F-8FDA5E0897C0}.Ad-Hoc|iPhoneSimulator.Build.0 = Ad-Hoc|iPhoneSimulator
		{1951433D-04EC-4F2A-B10F-8FDA5E0897C0}.Ad-Hoc|x64.ActiveCfg = Ad-Hoc|iPhone
		{1951433D-04EC-4F2A-B10F-8FDA5E0897C0}.Ad-Hoc|x86.ActiveCfg = Ad-Hoc|iPhone
		{1951433D-04EC-4F2A-B10F-8FDA5E0897C0}.AppStore|Any CPU.ActiveCfg = AppStore|iPhone
		{1951433D-04EC-4F2A-B10F-8FDA5E0897C0}.AppStore|ARM.ActiveCfg = AppStore|iPhone
		{1951433D-04EC-4F2A-B10F-8FDA5E0897C0}.AppStore|iPhone.ActiveCfg = AppStore|iPhone
		{1951433D-04EC-4F2A-B10F-8FDA5E0897C0}.AppStore|iPhone.Build.0 = AppStore|iPhone
		{1951433D-04EC-4F2A-B10F-8FDA5E0897C0}.AppStore|iPhoneSimulator.ActiveCfg = AppStore|iPhoneSimulator
		{1951433D-04EC-4F2A-B10F-8FDA5E0897C0}.AppStore|iPhoneSimulator.Build.0 = AppStore|iPhoneSimulator
		{1951433D-04EC-4F2A-B10F-8FDA5E0897C0}.AppStore|x64.ActiveCfg = AppStore|iPhone
		{1951433D-04EC-4F2A-B10F-8FDA5E0897C0}.AppStore|x86.ActiveCfg = AppStore|iPhone
		{1951433D-04EC-4F2A-B10F-8FDA5E0897C0}.Debug|Any CPU.ActiveCfg = Debug|iPhone
		{1951433D-04EC-4F2A-B10F-8FDA5E0897C0}.Debug|ARM.ActiveCfg = Debug|iPhone
		{1951433D-04EC-4F2A-B10F-8FDA5E0897C0}.Debug|iPhone.ActiveCfg = Debug|iPhone
		{1951433D-04EC-4F2A-B10F-8FDA5E0897C0}.Debug|iPhone.Build.0 = Debug|iPhone
		{1951433D-04EC-4F2A-B10F-8FDA5E0897C0}.Debug|iPhoneSimulator.ActiveCfg = Debug|iPhoneSimulator
		{1951433D-04EC-4F2A-B10F-8FDA5E0897C0}.Debug|iPhoneSimulator.Build.0 = Debug|iPhoneSimulator
		{1951433D-04EC-4F2A-B10F-8FDA5E0897C0}.Debug|x64.ActiveCfg = Debug|iPhone
		{1951433D-04EC-4F2A-B10F-8FDA5E0897C0}.Debug|x86.ActiveCfg = Debug|iPhone
		{1951433D-04EC-4F2A-B10F-8FDA5E0897C0}.Release|Any CPU.ActiveCfg = Release|iPhone
		{1951433D-04EC-4F2A-B10F-8FDA5E0897C0}.Release|ARM.ActiveCfg = Release|iPhone
		{1951433D-04EC-4F2A-B10F-8FDA5E0897C0}.Release|iPhone.ActiveCfg = Release|iPhone
		{1951433D-04EC-4F2A-B10F-8FDA5E0897C0}.Release|iPhone.Build.0 = Release|iPhone
		{1951433D-04EC-4F2A-B10F-8FDA5E0897C0}.Release|iPhoneSimulator.ActiveCfg = Release|iPhoneSimulator
		{1951433D-04EC-4F2A-B10F-8FDA5E0897C0}.Release|iPhoneSimulator.Build.0 = Release|iPhoneSimulator
		{1951433D-04EC-4F2A-B10F-8FDA5E0897C0}.Release|x64.ActiveCfg = Release|iPhone
		{1951433D-04EC-4F2A-B10F-8FDA5E0897C0}.Release|x86.ActiveCfg = Release|iPhone
		{8E6D2469-86B0-48BE-9D37-382A7D95C6DF}.Ad-Hoc|Any CPU.ActiveCfg = Debug|Any CPU
		{8E6D2469-86B0-48BE-9D37-382A7D95C6DF}.Ad-Hoc|Any CPU.Build.0 = Debug|Any CPU
		{8E6D2469-86B0-48BE-9D37-382A7D95C6DF}.Ad-Hoc|ARM.ActiveCfg = Debug|Any CPU
		{8E6D2469-86B0-48BE-9D37-382A7D95C6DF}.Ad-Hoc|ARM.Build.0 = Debug|Any CPU
		{8E6D2469-86B0-48BE-9D37-382A7D95C6DF}.Ad-Hoc|iPhone.ActiveCfg = Debug|Any CPU
		{8E6D2469-86B0-48BE-9D37-382A7D95C6DF}.Ad-Hoc|iPhone.Build.0 = Debug|Any CPU
		{8E6D2469-86B0-48BE-9D37-382A7D95C6DF}.Ad-Hoc|iPhoneSimulator.ActiveCfg = Debug|Any CPU
		{8E6D2469-86B0-48BE-9D37-382A7D95C6DF}.Ad-Hoc|iPhoneSimulator.Build.0 = Debug|Any CPU
		{8E6D2469-86B0-48BE-9D37-382A7D95C6DF}.Ad-Hoc|x64.ActiveCfg = Debug|Any CPU
		{8E6D2469-86B0-48BE-9D37-382A7D95C6DF}.Ad-Hoc|x64.Build.0 = Debug|Any CPU
		{8E6D2469-86B0-48BE-9D37-382A7D95C6DF}.Ad-Hoc|x86.ActiveCfg = Debug|Any CPU
		{8E6D2469-86B0-48BE-9D37-382A7D95C6DF}.Ad-Hoc|x86.Build.0 = Debug|Any CPU
		{8E6D2469-86B0-48BE-9D37-382A7D95C6DF}.AppStore|Any CPU.ActiveCfg = Debug|Any CPU
		{8E6D2469-86B0-48BE-9D37-382A7D95C6DF}.AppStore|Any CPU.Build.0 = Debug|Any CPU
		{8E6D2469-86B0-48BE-9D37-382A7D95C6DF}.AppStore|ARM.ActiveCfg = Debug|Any CPU
		{8E6D2469-86B0-48BE-9D37-382A7D95C6DF}.AppStore|ARM.Build.0 = Debug|Any CPU
		{8E6D2469-86B0-48BE-9D37-382A7D95C6DF}.AppStore|iPhone.ActiveCfg = Debug|Any CPU
		{8E6D2469-86B0-48BE-9D37-382A7D95C6DF}.AppStore|iPhone.Build.0 = Debug|Any CPU
		{8E6D2469-86B0-48BE-9D37-382A7D95C6DF}.AppStore|iPhoneSimulator.ActiveCfg = Debug|Any CPU
		{8E6D2469-86B0-48BE-9D37-382A7D95C6DF}.AppStore|iPhoneSimulator.Build.0 = Debug|Any CPU
		{8E6D2469-86B0-48BE-9D37-382A7D95C6DF}.AppStore|x64.ActiveCfg = Debug|Any CPU
		{8E6D2469-86B0-48BE-9D37-382A7D95C6DF}.AppStore|x64.Build.0 = Debug|Any CPU
		{8E6D2469-86B0-48BE-9D37-382A7D95C6DF}.AppStore|x86.ActiveCfg = Debug|Any CPU
		{8E6D2469-86B0-48BE-9D37-382A7D95C6DF}.AppStore|x86.Build.0 = Debug|Any CPU
		{8E6D2469-86B0-48BE-9D37-382A7D95C6DF}.Debug|Any CPU.ActiveCfg = Debug|Any CPU
		{8E6D2469-86B0-48BE-9D37-382A7D95C6DF}.Debug|Any CPU.Build.0 = Debug|Any CPU
		{8E6D2469-86B0-48BE-9D37-382A7D95C6DF}.Debug|ARM.ActiveCfg = Debug|Any CPU
		{8E6D2469-86B0-48BE-9D37-382A7D95C6DF}.Debug|ARM.Build.0 = Debug|Any CPU
		{8E6D2469-86B0-48BE-9D37-382A7D95C6DF}.Debug|iPhone.ActiveCfg = Debug|Any CPU
		{8E6D2469-86B0-48BE-9D37-382A7D95C6DF}.Debug|iPhone.Build.0 = Debug|Any CPU
		{8E6D2469-86B0-48BE-9D37-382A7D95C6DF}.Debug|iPhoneSimulator.ActiveCfg = Debug|Any CPU
		{8E6D2469-86B0-48BE-9D37-382A7D95C6DF}.Debug|iPhoneSimulator.Build.0 = Debug|Any CPU
		{8E6D2469-86B0-48BE-9D37-382A7D95C6DF}.Debug|x64.ActiveCfg = Debug|Any CPU
		{8E6D2469-86B0-48BE-9D37-382A7D95C6DF}.Debug|x64.Build.0 = Debug|Any CPU
		{8E6D2469-86B0-48BE-9D37-382A7D95C6DF}.Debug|x86.ActiveCfg = Debug|Any CPU
		{8E6D2469-86B0-48BE-9D37-382A7D95C6DF}.Debug|x86.Build.0 = Debug|Any CPU
		{8E6D2469-86B0-48BE-9D37-382A7D95C6DF}.Release|Any CPU.ActiveCfg = Release|Any CPU
		{8E6D2469-86B0-48BE-9D37-382A7D95C6DF}.Release|Any CPU.Build.0 = Release|Any CPU
		{8E6D2469-86B0-48BE-9D37-382A7D95C6DF}.Release|ARM.ActiveCfg = Release|Any CPU
		{8E6D2469-86B0-48BE-9D37-382A7D95C6DF}.Release|ARM.Build.0 = Release|Any CPU
		{8E6D2469-86B0-48BE-9D37-382A7D95C6DF}.Release|iPhone.ActiveCfg = Release|Any CPU
		{8E6D2469-86B0-48BE-9D37-382A7D95C6DF}.Release|iPhone.Build.0 = Release|Any CPU
		{8E6D2469-86B0-48BE-9D37-382A7D95C6DF}.Release|iPhoneSimulator.ActiveCfg = Release|Any CPU
		{8E6D2469-86B0-48BE-9D37-382A7D95C6DF}.Release|iPhoneSimulator.Build.0 = Release|Any CPU
		{8E6D2469-86B0-48BE-9D37-382A7D95C6DF}.Release|x64.ActiveCfg = Release|Any CPU
		{8E6D2469-86B0-48BE-9D37-382A7D95C6DF}.Release|x64.Build.0 = Release|Any CPU
		{8E6D2469-86B0-48BE-9D37-382A7D95C6DF}.Release|x86.ActiveCfg = Release|Any CPU
		{8E6D2469-86B0-48BE-9D37-382A7D95C6DF}.Release|x86.Build.0 = Release|Any CPU
	EndGlobalSection
	GlobalSection(SolutionProperties) = preSolution
		HideSolutionNode = FALSE
	EndGlobalSection
	GlobalSection(ExtensibilityGlobals) = postSolution
		SolutionGuid = {0AECFF43-5FCE-4126-B9A0-7A8167D4752E}
	EndGlobalSection
EndGlobal
