
Microsoft Visual Studio Solution File, Format Version 12.00
# Visual Studio 15
VisualStudioVersion = 15.0.28307.136
MinimumVisualStudioVersion = 10.0.40219.1
Project("{9A19103F-16F7-4668-BE54-9A1E7A4F7556}") = "Phonebook.API", "Phonebook.API\Phonebook.API.csproj", "{8E6D2469-86B0-48BE-9D37-382A7D95C6DF}"
EndProject
Project("{9A19103F-16F7-4668-BE54-9A1E7A4F7556}") = "Phonebook.Core", "Phonebook.Core\Phonebook.Core.csproj", "{AE529DB9-3D8A-4DC9-BCD4-CD33CAB67AA3}"
EndProject
Project("{FAE04EC0-301F-11D3-BF4B-00C04F79EFBC}") = "Phonebook.Droid", "Phonebook.Droid\Phonebook.Droid.csproj", "{0FFE9CC4-0E8F-4DC2-8361-7C6518E345EC}"
EndProject
Project("{FAE04EC0-301F-11D3-BF4B-00C04F79EFBC}") = "Phonebook.iOS", "Phonebook.iOS\Phonebook.iOS.csproj", "{6511AF66-05A9-47FC-AE09-D22A54F28DA5}"
EndProject
Global
	GlobalSection(SolutionConfigurationPlatforms) = preSolution
		Debug|Any CPU = Debug|Any CPU
		Debug|iPhone = Debug|iPhone
		Debug|iPhoneSimulator = Debug|iPhoneSimulator
		Release|Any CPU = Release|Any CPU
		Release|iPhone = Release|iPhone
		Release|iPhoneSimulator = Release|iPhoneSimulator
	EndGlobalSection
	GlobalSection(ProjectConfigurationPlatforms) = postSolution
		{8E6D2469-86B0-48BE-9D37-382A7D95C6DF}.Debug|Any CPU.ActiveCfg = Debug|Any CPU
		{8E6D2469-86B0-48BE-9D37-382A7D95C6DF}.Debug|Any CPU.Build.0 = Debug|Any CPU
		{8E6D2469-86B0-48BE-9D37-382A7D95C6DF}.Debug|iPhone.ActiveCfg = Debug|Any CPU
		{8E6D2469-86B0-48BE-9D37-382A7D95C6DF}.Debug|iPhone.Build.0 = Debug|Any CPU
		{8E6D2469-86B0-48BE-9D37-382A7D95C6DF}.Debug|iPhoneSimulator.ActiveCfg = Debug|Any CPU
		{8E6D2469-86B0-48BE-9D37-382A7D95C6DF}.Debug|iPhoneSimulator.Build.0 = Debug|Any CPU
		{8E6D2469-86B0-48BE-9D37-382A7D95C6DF}.Release|Any CPU.ActiveCfg = Release|Any CPU
		{8E6D2469-86B0-48BE-9D37-382A7D95C6DF}.Release|Any CPU.Build.0 = Release|Any CPU
		{8E6D2469-86B0-48BE-9D37-382A7D95C6DF}.Release|iPhone.ActiveCfg = Release|Any CPU
		{8E6D2469-86B0-48BE-9D37-382A7D95C6DF}.Release|iPhone.Build.0 = Release|Any CPU
		{8E6D2469-86B0-48BE-9D37-382A7D95C6DF}.Release|iPhoneSimulator.ActiveCfg = Release|Any CPU
		{8E6D2469-86B0-48BE-9D37-382A7D95C6DF}.Release|iPhoneSimulator.Build.0 = Release|Any CPU
		{AE529DB9-3D8A-4DC9-BCD4-CD33CAB67AA3}.Debug|Any CPU.ActiveCfg = Debug|Any CPU
		{AE529DB9-3D8A-4DC9-BCD4-CD33CAB67AA3}.Debug|Any CPU.Build.0 = Debug|Any CPU
		{AE529DB9-3D8A-4DC9-BCD4-CD33CAB67AA3}.Debug|iPhone.ActiveCfg = Debug|Any CPU
		{AE529DB9-3D8A-4DC9-BCD4-CD33CAB67AA3}.Debug|iPhone.Build.0 = Debug|Any CPU
		{AE529DB9-3D8A-4DC9-BCD4-CD33CAB67AA3}.Debug|iPhoneSimulator.ActiveCfg = Debug|Any CPU
		{AE529DB9-3D8A-4DC9-BCD4-CD33CAB67AA3}.Debug|iPhoneSimulator.Build.0 = Debug|Any CPU
		{AE529DB9-3D8A-4DC9-BCD4-CD33CAB67AA3}.Release|Any CPU.ActiveCfg = Release|Any CPU
		{AE529DB9-3D8A-4DC9-BCD4-CD33CAB67AA3}.Release|Any CPU.Build.0 = Release|Any CPU
		{AE529DB9-3D8A-4DC9-BCD4-CD33CAB67AA3}.Release|iPhone.ActiveCfg = Release|Any CPU
		{AE529DB9-3D8A-4DC9-BCD4-CD33CAB67AA3}.Release|iPhone.Build.0 = Release|Any CPU
		{AE529DB9-3D8A-4DC9-BCD4-CD33CAB67AA3}.Release|iPhoneSimulator.ActiveCfg = Release|Any CPU
		{AE529DB9-3D8A-4DC9-BCD4-CD33CAB67AA3}.Release|iPhoneSimulator.Build.0 = Release|Any CPU
		{0FFE9CC4-0E8F-4DC2-8361-7C6518E345EC}.Debug|Any CPU.ActiveCfg = Debug|Any CPU
		{0FFE9CC4-0E8F-4DC2-8361-7C6518E345EC}.Debug|Any CPU.Build.0 = Debug|Any CPU
		{0FFE9CC4-0E8F-4DC2-8361-7C6518E345EC}.Debug|Any CPU.Deploy.0 = Debug|Any CPU
		{0FFE9CC4-0E8F-4DC2-8361-7C6518E345EC}.Debug|iPhone.ActiveCfg = Debug|Any CPU
		{0FFE9CC4-0E8F-4DC2-8361-7C6518E345EC}.Debug|iPhoneSimulator.ActiveCfg = Debug|Any CPU
		{0FFE9CC4-0E8F-4DC2-8361-7C6518E345EC}.Release|Any CPU.ActiveCfg = Release|Any CPU
		{0FFE9CC4-0E8F-4DC2-8361-7C6518E345EC}.Release|Any CPU.Build.0 = Release|Any CPU
		{0FFE9CC4-0E8F-4DC2-8361-7C6518E345EC}.Release|Any CPU.Deploy.0 = Release|Any CPU
		{0FFE9CC4-0E8F-4DC2-8361-7C6518E345EC}.Release|iPhone.ActiveCfg = Release|Any CPU
		{0FFE9CC4-0E8F-4DC2-8361-7C6518E345EC}.Release|iPhone.Build.0 = Release|Any CPU
		{0FFE9CC4-0E8F-4DC2-8361-7C6518E345EC}.Release|iPhone.Deploy.0 = Release|Any CPU
		{0FFE9CC4-0E8F-4DC2-8361-7C6518E345EC}.Release|iPhoneSimulator.ActiveCfg = Release|Any CPU
		{0FFE9CC4-0E8F-4DC2-8361-7C6518E345EC}.Release|iPhoneSimulator.Build.0 = Release|Any CPU
		{0FFE9CC4-0E8F-4DC2-8361-7C6518E345EC}.Release|iPhoneSimulator.Deploy.0 = Release|Any CPU
		{6511AF66-05A9-47FC-AE09-D22A54F28DA5}.Debug|Any CPU.ActiveCfg = Debug|iPhoneSimulator
		{6511AF66-05A9-47FC-AE09-D22A54F28DA5}.Debug|Any CPU.Build.0 = Debug|iPhoneSimulator
		{6511AF66-05A9-47FC-AE09-D22A54F28DA5}.Debug|iPhone.ActiveCfg = Debug|iPhone
		{6511AF66-05A9-47FC-AE09-D22A54F28DA5}.Debug|iPhone.Build.0 = Debug|iPhone
		{6511AF66-05A9-47FC-AE09-D22A54F28DA5}.Debug|iPhoneSimulator.ActiveCfg = Debug|iPhoneSimulator
		{6511AF66-05A9-47FC-AE09-D22A54F28DA5}.Debug|iPhoneSimulator.Build.0 = Debug|iPhoneSimulator
		{6511AF66-05A9-47FC-AE09-D22A54F28DA5}.Release|Any CPU.ActiveCfg = Release|iPhone
		{6511AF66-05A9-47FC-AE09-D22A54F28DA5}.Release|Any CPU.Build.0 = Release|iPhone
		{6511AF66-05A9-47FC-AE09-D22A54F28DA5}.Release|iPhone.ActiveCfg = Release|iPhone
		{6511AF66-05A9-47FC-AE09-D22A54F28DA5}.Release|iPhone.Build.0 = Release|iPhone
		{6511AF66-05A9-47FC-AE09-D22A54F28DA5}.Release|iPhoneSimulator.ActiveCfg = Release|iPhoneSimulator
		{6511AF66-05A9-47FC-AE09-D22A54F28DA5}.Release|iPhoneSimulator.Build.0 = Release|iPhoneSimulator
	EndGlobalSection
	GlobalSection(SolutionProperties) = preSolution
		HideSolutionNode = FALSE
	EndGlobalSection
	GlobalSection(ExtensibilityGlobals) = postSolution
		SolutionGuid = {0AECFF43-5FCE-4126-B9A0-7A8167D4752E}
	EndGlobalSection
EndGlobal
